
Microsoft Visual Studio Solution File, Format Version 12.00
# Visual Studio Version 17
VisualStudioVersion = 17.0.31912.275
MinimumVisualStudioVersion = 10.0.40219.1
Project("{FAE04EC0-301F-11D3-BF4B-00C04F79EFBC}") = "Transfinite", "Transfinite.csproj", "{A5C3D16B-93D7-4D6E-ACAC-E99E10225DE5}"
EndProject
Global
	GlobalSection(SolutionConfigurationPlatforms) = preSolution
		Debug|Any CPU = Debug|Any CPU
		Release|Any CPU = Release|Any CPU
	EndGlobalSection
	GlobalSection(ProjectConfigurationPlatforms) = postSolution
		{A5C3D16B-93D7-4D6E-ACAC-E99E10225DE5}.Debug|Any CPU.ActiveCfg = Debug|Any CPU
		{A5C3D16B-93D7-4D6E-ACAC-E99E10225DE5}.Debug|Any CPU.Build.0 = Debug|Any CPU
		{A5C3D16B-93D7-4D6E-ACAC-E99E10225DE5}.Release|Any CPU.ActiveCfg = Release|Any CPU
		{A5C3D16B-93D7-4D6E-ACAC-E99E10225DE5}.Release|Any CPU.Build.0 = Release|Any CPU
	EndGlobalSection
	GlobalSection(SolutionProperties) = preSolution
		HideSolutionNode = FALSE
	EndGlobalSection
	GlobalSection(ExtensibilityGlobals) = postSolution
		SolutionGuid = {50828F07-0A3E-4157-9050-E3794B299FDF}
	EndGlobalSection
EndGlobal
